// !$*UTF8*$!
{
	archiveVersion = 1;
	classes = {
	};
	objectVersion = 48;
	objects = {

/* Begin PBXBuildFile section */
		D91A01971FDA7C820094CF8E /* AppDelegate.m in Sources */ = {isa = PBXBuildFile; fileRef = D91A01961FDA7C820094CF8E /* AppDelegate.m */; };
		D91A019A1FDA7C820094CF8E /* ViewController.m in Sources */ = {isa = PBXBuildFile; fileRef = D91A01991FDA7C820094CF8E /* ViewController.m */; };
		D91A019D1FDA7C820094CF8E /* Main.storyboard in Resources */ = {isa = PBXBuildFile; fileRef = D91A019B1FDA7C820094CF8E /* Main.storyboard */; };
		D91A019F1FDA7C820094CF8E /* Assets.xcassets in Resources */ = {isa = PBXBuildFile; fileRef = D91A019E1FDA7C820094CF8E /* Assets.xcassets */; };
		D91A01A21FDA7C820094CF8E /* LaunchScreen.storyboard in Resources */ = {isa = PBXBuildFile; fileRef = D91A01A01FDA7C820094CF8E /* LaunchScreen.storyboard */; };
		D91A01A51FDA7C820094CF8E /* main.m in Sources */ = {isa = PBXBuildFile; fileRef = D91A01A41FDA7C820094CF8E /* main.m */; };
		D91A01AD1FDA9CD60094CF8E /* NSData+Base64.m in Sources */ = {isa = PBXBuildFile; fileRef = D91A01AB1FDA9CD60094CF8E /* NSData+Base64.m */; };
/* End PBXBuildFile section */

/* Begin PBXFileReference section */
		D91A01921FDA7C820094CF8E /* NareshJWTToken.app */ = {isa = PBXFileReference; explicitFileType = wrapper.application; includeInIndex = 0; path = NareshJWTToken.app; sourceTree = BUILT_PRODUCTS_DIR; };
		D91A01951FDA7C820094CF8E /* AppDelegate.h */ = {isa = PBXFileReference; lastKnownFileType = sourcecode.c.h; path = AppDelegate.h; sourceTree = "<group>"; };
		D91A01961FDA7C820094CF8E /* AppDelegate.m */ = {isa = PBXFileReference; lastKnownFileType = sourcecode.c.objc; path = AppDelegate.m; sourceTree = "<group>"; };
		D91A01981FDA7C820094CF8E /* ViewController.h */ = {isa = PBXFileReference; lastKnownFileType = sourcecode.c.h; path = ViewController.h; sourceTree = "<group>"; };
		D91A01991FDA7C820094CF8E /* ViewController.m */ = {isa = PBXFileReference; lastKnownFileType = sourcecode.c.objc; path = ViewController.m; sourceTree = "<group>"; };
		D91A019C1FDA7C820094CF8E /* Base */ = {isa = PBXFileReference; lastKnownFileType = file.storyboard; name = Base; path = Base.lproj/Main.storyboard; sourceTree = "<group>"; };
		D91A019E1FDA7C820094CF8E /* Assets.xcassets */ = {isa = PBXFileReference; lastKnownFileType = folder.assetcatalog; path = Assets.xcassets; sourceTree = "<group>"; };
		D91A01A11FDA7C820094CF8E /* Base */ = {isa = PBXFileReference; lastKnownFileType = file.storyboard; name = Base; path = Base.lproj/LaunchScreen.storyboard; sourceTree = "<group>"; };
		D91A01A31FDA7C820094CF8E /* Info.plist */ = {isa = PBXFileReference; lastKnownFileType = text.plist.xml; path = Info.plist; sourceTree = "<group>"; };
		D91A01A41FDA7C820094CF8E /* main.m */ = {isa = PBXFileReference; lastKnownFileType = sourcecode.c.objc; path = main.m; sourceTree = "<group>"; };
		D91A01AB1FDA9CD60094CF8E /* NSData+Base64.m */ = {isa = PBXFileReference; fileEncoding = 4; lastKnownFileType = sourcecode.c.objc; path = "NSData+Base64.m"; sourceTree = "<group>"; };
		D91A01AC1FDA9CD60094CF8E /* NSData+Base64.h */ = {isa = PBXFileReference; fileEncoding = 4; lastKnownFileType = sourcecode.c.h; path = "NSData+Base64.h"; sourceTree = "<group>"; };
/* End PBXFileReference section */

/* Begin PBXFrameworksBuildPhase section */
		D91A018F1FDA7C820094CF8E /* Frameworks */ = {
			isa = PBXFrameworksBuildPhase;
			buildActionMask = 2147483647;
			files = (
			);
			runOnlyForDeploymentPostprocessing = 0;
		};
/* End PBXFrameworksBuildPhase section */

/* Begin PBXGroup section */
		D91A01891FDA7C820094CF8E = {
			isa = PBXGroup;
			children = (
				D91A01941FDA7C820094CF8E /* NareshJWTToken */,
				D91A01931FDA7C820094CF8E /* Products */,
			);
			sourceTree = "<group>";
		};
		D91A01931FDA7C820094CF8E /* Products */ = {
			isa = PBXGroup;
			children = (
				D91A01921FDA7C820094CF8E /* NareshJWTToken.app */,
			);
			name = Products;
			sourceTree = "<group>";
		};
		D91A01941FDA7C820094CF8E /* NareshJWTToken */ = {
			isa = PBXGroup;
			children = (
				D91A01951FDA7C820094CF8E /* AppDelegate.h */,
				D91A01961FDA7C820094CF8E /* AppDelegate.m */,
				D91A01981FDA7C820094CF8E /* ViewController.h */,
				D91A01991FDA7C820094CF8E /* ViewController.m */,
				D91A01AC1FDA9CD60094CF8E /* NSData+Base64.h */,
				D91A01AB1FDA9CD60094CF8E /* NSData+Base64.m */,
				D91A019B1FDA7C820094CF8E /* Main.storyboard */,
				D91A019E1FDA7C820094CF8E /* Assets.xcassets */,
				D91A01A01FDA7C820094CF8E /* LaunchScreen.storyboard */,
				D91A01A31FDA7C820094CF8E /* Info.plist */,
				D91A01A41FDA7C820094CF8E /* main.m */,
			);
			path = NareshJWTToken;
			sourceTree = "<group>";
		};
/* End PBXGroup section */

/* Begin PBXNativeTarget section */
		D91A01911FDA7C820094CF8E /* NareshJWTToken */ = {
			isa = PBXNativeTarget;
			buildConfigurationList = D91A01A81FDA7C820094CF8E /* Build configuration list for PBXNativeTarget "NareshJWTToken" */;
			buildPhases = (
				D91A018E1FDA7C820094CF8E /* Sources */,
				D91A018F1FDA7C820094CF8E /* Frameworks */,
				D91A01901FDA7C820094CF8E /* Resources */,
			);
			buildRules = (
			);
			dependencies = (
			);
			name = NareshJWTToken;
			productName = NareshJWTToken;
			productReference = D91A01921FDA7C820094CF8E /* NareshJWTToken.app */;
			productType = "com.apple.product-type.application";
		};
/* End PBXNativeTarget section */

/* Begin PBXProject section */
		D91A018A1FDA7C820094CF8E /* Project object */ = {
			isa = PBXProject;
			attributes = {
				LastUpgradeCheck = 0920;
				ORGANIZATIONNAME = Narendra;
				TargetAttributes = {
					D91A01911FDA7C820094CF8E = {
						CreatedOnToolsVersion = 9.2;
						ProvisioningStyle = Automatic;
					};
				};
			};
			buildConfigurationList = D91A018D1FDA7C820094CF8E /* Build configuration list for PBXProject "NareshJWTToken" */;
			compatibilityVersion = "Xcode 8.0";
			developmentRegion = en;
			hasScannedForEncodings = 0;
			knownRegions = (
				en,
				Base,
			);
			mainGroup = D91A01891FDA7C820094CF8E;
			productRefGroup = D91A01931FDA7C820094CF8E /* Products */;
			projectDirPath = "";
			projectRoot = "";
			targets = (
				D91A01911FDA7C820094CF8E /* NareshJWTToken */,
			);
		};
/* End PBXProject section */

/* Begin PBXResourcesBuildPhase section */
		D91A01901FDA7C820094CF8E /* Resources */ = {
			isa = PBXResourcesBuildPhase;
			buildActionMask = 2147483647;
			files = (
				D91A01A21FDA7C820094CF8E /* LaunchScreen.storyboard in Resources */,
				D91A019F1FDA7C820094CF8E /* Assets.xcassets in Resources */,
				D91A019D1FDA7C820094CF8E /* Main.storyboard in Resources */,
			);
			runOnlyForDeploymentPostprocessing = 0;
		};
/* End PBXResourcesBuildPhase section */

/* Begin PBXSourcesBuildPhase section */
		D91A018E1FDA7C820094CF8E /* Sources */ = {
			isa = PBXSourcesBuildPhase;
			buildActionMask = 2147483647;
			files = (
				D91A019A1FDA7C820094CF8E /* ViewController.m in Sources */,
				D91A01AD1FDA9CD60094CF8E /* NSData+Base64.m in Sources */,
				D91A01A51FDA7C820094CF8E /* main.m in Sources */,
				D91A01971FDA7C820094CF8E /* AppDelegate.m in Sources */,
			);
			runOnlyForDeploymentPostprocessing = 0;
		};
/* End PBXSourcesBuildPhase section */

/* Begin PBXVariantGroup section */
		D91A019B1FDA7C820094CF8E /* Main.storyboard */ = {
			isa = PBXVariantGroup;
			children = (
				D91A019C1FDA7C820094CF8E /* Base */,
			);
			name = Main.storyboard;
			sourceTree = "<group>";
		};
		D91A01A01FDA7C820094CF8E /* LaunchScreen.storyboard */ = {
			isa = PBXVariantGroup;
			children = (
				D91A01A11FDA7C820094CF8E /* Base */,
			);
			name = LaunchScreen.storyboard;
			sourceTree = "<group>";
		};
/* End PBXVariantGroup section */

/* Begin XCBuildConfiguration section */
		D91A01A61FDA7C820094CF8E /* Debug */ = {
			isa = XCBuildConfiguration;
			buildSettings = {
				ALWAYS_SEARCH_USER_PATHS = NO;
				CLANG_ANALYZER_NONNULL = YES;
				CLANG_ANALYZER_NUMBER_OBJECT_CONVERSION = YES_AGGRESSIVE;
				CLANG_CXX_LANGUAGE_STANDARD = "gnu++14";
				CLANG_CXX_LIBRARY = "libc++";
				CLANG_ENABLE_MODULES = YES;
				CLANG_ENABLE_OBJC_ARC = YES;
				CLANG_WARN_BLOCK_CAPTURE_AUTORELEASING = YES;
				CLANG_WARN_BOOL_CONVERSION = YES;
				CLANG_WARN_COMMA = YES;
				CLANG_WARN_CONSTANT_CONVERSION = YES;
				CLANG_WARN_DIRECT_OBJC_ISA_USAGE = YES_ERROR;
				CLANG_WARN_DOCUMENTATION_COMMENTS = YES;
				CLANG_WARN_EMPTY_BODY = YES;
				CLANG_WARN_ENUM_CONVERSION = YES;
				CLANG_WARN_INFINITE_RECURSION = YES;
				CLANG_WARN_INT_CONVERSION = YES;
				CLANG_WARN_NON_LITERAL_NULL_CONVERSION = YES;
				CLANG_WARN_OBJC_LITERAL_CONVERSION = YES;
				CLANG_WARN_OBJC_ROOT_CLASS = YES_ERROR;
				CLANG_WARN_RANGE_LOOP_ANALYSIS = YES;
				CLANG_WARN_STRICT_PROTOTYPES = YES;
				CLANG_WARN_SUSPICIOUS_MOVE = YES;
				CLANG_WARN_UNGUARDED_AVAILABILITY = YES_AGGRESSIVE;
				CLANG_WARN_UNREACHABLE_CODE = YES;
				CLANG_WARN__DUPLICATE_METHOD_MATCH = YES;
				CODE_SIGN_IDENTITY = "iPhone Developer";
				COPY_PHASE_STRIP = NO;
				DEBUG_INFORMATION_FORMAT = dwarf;
				ENABLE_STRICT_OBJC_MSGSEND = YES;
				ENABLE_TESTABILITY = YES;
				GCC_C_LANGUAGE_STANDARD = gnu11;
				GCC_DYNAMIC_NO_PIC = NO;
				GCC_NO_COMMON_BLOCKS = YES;
				GCC_OPTIMIZATION_LEVEL = 0;
				GCC_PREPROCESSOR_DEFINITIONS = (
					"DEBUG=1",
					"$(inherited)",
				);
				GCC_WARN_64_TO_32_BIT_CONVERSION = YES;
				GCC_WARN_ABOUT_RETURN_TYPE = YES_ERROR;
				GCC_WARN_UNDECLARED_SELECTOR = YES;
				GCC_WARN_UNINITIALIZED_AUTOS = YES_AGGRESSIVE;
				GCC_WARN_UNUSED_FUNCTION = YES;
				GCC_WARN_UNUSED_VARIABLE = YES;
				IPHONEOS_DEPLOYMENT_TARGET = 11.2;
				MTL_ENABLE_DEBUG_INFO = YES;
				ONLY_ACTIVE_ARCH = YES;
				SDKROOT = iphoneos;
			};
			name = Debug;
		};
		D91A01A71FDA7C820094CF8E /* Release */ = {
			isa = XCBuildConfiguration;
			buildSettings = {
				ALWAYS_SEARCH_USER_PATHS = NO;
				CLANG_ANALYZER_NONNULL = YES;
				CLANG_ANALYZER_NUMBER_OBJECT_CONVERSION = YES_AGGRESSIVE;
				CLANG_CXX_LANGUAGE_STANDARD = "gnu++14";
				CLANG_CXX_LIBRARY = "libc++";
				CLANG_ENABLE_MODULES = YES;
				CLANG_ENABLE_OBJC_ARC = YES;
				CLANG_WARN_BLOCK_CAPTURE_AUTORELEASING = YES;
				CLANG_WARN_BOOL_CONVERSION = YES;
				CLANG_WARN_COMMA = YES;
				CLANG_WARN_CONSTANT_CONVERSION = YES;
				CLANG_WARN_DIRECT_OBJC_ISA_USAGE = YES_ERROR;
				CLANG_WARN_DOCUMENTATION_COMMENTS = YES;
				CLANG_WARN_EMPTY_BODY = YES;
				CLANG_WARN_ENUM_CONVERSION = YES;
				CLANG_WARN_INFINITE_RECURSION = YES;
				CLANG_WARN_INT_CONVERSION = YES;
				CLANG_WARN_NON_LITERAL_NULL_CONVERSION = YES;
				CLANG_WARN_OBJC_LITERAL_CONVERSION = YES;
				CLANG_WARN_OBJC_ROOT_CLASS = YES_ERROR;
				CLANG_WARN_RANGE_LOOP_ANALYSIS = YES;
				CLANG_WARN_STRICT_PROTOTYPES = YES;
				CLANG_WARN_SUSPICIOUS_MOVE = YES;
				CLANG_WARN_UNGUARDED_AVAILABILITY = YES_AGGRESSIVE;
				CLANG_WARN_UNREACHABLE_CODE = YES;
				CLANG_WARN__DUPLICATE_METHOD_MATCH = YES;
				CODE_SIGN_IDENTITY = "iPhone Developer";
				COPY_PHASE_STRIP = NO;
				DEBUG_INFORMATION_FORMAT = "dwarf-with-dsym";
				ENABLE_NS_ASSERTIONS = NO;
				ENABLE_STRICT_OBJC_MSGSEND = YES;
				GCC_C_LANGUAGE_STANDARD = gnu11;
				GCC_NO_COMMON_BLOCKS = YES;
				GCC_WARN_64_TO_32_BIT_CONVERSION = YES;
				GCC_WARN_ABOUT_RETURN_TYPE = YES_ERROR;
				GCC_WARN_UNDECLARED_SELECTOR = YES;
				GCC_WARN_UNINITIALIZED_AUTOS = YES_AGGRESSIVE;
				GCC_WARN_UNUSED_FUNCTION = YES;
				GCC_WARN_UNUSED_VARIABLE = YES;
				IPHONEOS_DEPLOYMENT_TARGET = 11.2;
				MTL_ENABLE_DEBUG_INFO = NO;
				SDKROOT = iphoneos;
				VALIDATE_PRODUCT = YES;
			};
			name = Release;
		};
		D91A01A91FDA7C820094CF8E /* Debug */ = {
			isa = XCBuildConfiguration;
			buildSettings = {
				ASSETCATALOG_COMPILER_APPICON_NAME = AppIcon;
				CODE_SIGN_STYLE = Automatic;
				DEVELOPMENT_TEAM = M6U48XKJMW;
				INFOPLIST_FILE = NareshJWTToken/Info.plist;
				LD_RUNPATH_SEARCH_PATHS = "$(inherited) @executable_path/Frameworks";
				PRODUCT_BUNDLE_IDENTIFIER = com.narendra.NareshJWTToken;
				PRODUCT_NAME = "$(TARGET_NAME)";
				TARGETED_DEVICE_FAMILY = "1,2";
			};
			name = Debug;
		};
		D91A01AA1FDA7C820094CF8E /* Release */ = {
			isa = XCBuildConfiguration;
			buildSettings = {
				ASSETCATALOG_COMPILER_APPICON_NAME = AppIcon;
				CODE_SIGN_STYLE = Automatic;
				DEVELOPMENT_TEAM = M6U48XKJMW;
				INFOPLIST_FILE = NareshJWTToken/Info.plist;
				LD_RUNPATH_SEARCH_PATHS = "$(inherited) @executable_path/Frameworks";
				PRODUCT_BUNDLE_IDENTIFIER = com.narendra.NareshJWTToken;
				PRODUCT_NAME = "$(TARGET_NAME)";
				TARGETED_DEVICE_FAMILY = "1,2";
			};
			name = Release;
		};
/* End XCBuildConfiguration section */

/* Begin XCConfigurationList section */
		D91A018D1FDA7C820094CF8E /* Build configuration list for PBXProject "NareshJWTToken" */ = {
			isa = XCConfigurationList;
			buildConfigurations = (
				D91A01A61FDA7C820094CF8E /* Debug */,
				D91A01A71FDA7C820094CF8E /* Release */,
			);
			defaultConfigurationIsVisible = 0;
			defaultConfigurationName = Release;
		};
		D91A01A81FDA7C820094CF8E /* Build configuration list for PBXNativeTarget "NareshJWTToken" */ = {
			isa = XCConfigurationList;
			buildConfigurations = (
				D91A01A91FDA7C820094CF8E /* Debug */,
				D91A01AA1FDA7C820094CF8E /* Release */,
			);
			defaultConfigurationIsVisible = 0;
			defaultConfigurationName = Release;
		};
/* End XCConfigurationList section */
	};
	rootObject = D91A018A1FDA7C820094CF8E /* Project object */;
}
